
Microsoft Visual Studio Solution File, Format Version 12.00
# Visual Studio Version 17
VisualStudioVersion = 17.10.34916.146
MinimumVisualStudioVersion = 10.0.40219.1
Project("{9A19103F-16F7-4668-BE54-9A1E7A4F7556}") = "SoulWeapons", "SoulWeapons.csproj", "{B805D08C-8DF2-44C6-B00B-478789B0047E}"
EndProject
Global
	GlobalSection(SolutionConfigurationPlatforms) = preSolution
		Debug|Any CPU = Debug|Any CPU
		Release|Any CPU = Release|Any CPU
	EndGlobalSection
	GlobalSection(ProjectConfigurationPlatforms) = postSolution
		{B805D08C-8DF2-44C6-B00B-478789B0047E}.Debug|Any CPU.ActiveCfg = Debug|Any CPU
		{B805D08C-8DF2-44C6-B00B-478789B0047E}.Debug|Any CPU.Build.0 = Debug|Any CPU
		{B805D08C-8DF2-44C6-B00B-478789B0047E}.Release|Any CPU.ActiveCfg = Release|Any CPU
		{B805D08C-8DF2-44C6-B00B-478789B0047E}.Release|Any CPU.Build.0 = Release|Any CPU
	EndGlobalSection
	GlobalSection(SolutionProperties) = preSolution
		HideSolutionNode = FALSE
	EndGlobalSection
	GlobalSection(ExtensibilityGlobals) = postSolution
		SolutionGuid = {5BD8DFC1-2F07-46E1-936D-23EB8EC78D91}
	EndGlobalSection
EndGlobal
